
Microsoft Visual Studio Solution File, Format Version 12.00
# Visual Studio Version 17
VisualStudioVersion = 17.9.34723.18
MinimumVisualStudioVersion = 10.0.40219.1
Project("{9A19103F-16F7-4668-BE54-9A1E7A4F7556}") = "API", "API\API.csproj", "{11847A15-B00C-4645-908F-95B2739EC3E1}"
EndProject
Project("{9A19103F-16F7-4668-BE54-9A1E7A4F7556}") = "BusinessObjects", "BusinessObjects\BusinessObjects.csproj", "{FEFFDCD9-6F61-4C7B-AA7E-BF68551AB692}"
EndProject
Project("{9A19103F-16F7-4668-BE54-9A1E7A4F7556}") = "DataAccess", "DataAccess\DataAccess.csproj", "{C2EB1C79-8489-4911-81BB-F4D7FA8BC6B4}"
EndProject
Project("{FAE04EC0-301F-11D3-BF4B-00C04F79EFBC}") = "Services", "Services\Services.csproj", "{7C3E48D8-2637-45C4-8250-C22B15AF775A}"
EndProject
Global
	GlobalSection(SolutionConfigurationPlatforms) = preSolution
		Debug|Any CPU = Debug|Any CPU
		Release|Any CPU = Release|Any CPU
	EndGlobalSection
	GlobalSection(ProjectConfigurationPlatforms) = postSolution
		{11847A15-B00C-4645-908F-95B2739EC3E1}.Debug|Any CPU.ActiveCfg = Debug|Any CPU
		{11847A15-B00C-4645-908F-95B2739EC3E1}.Debug|Any CPU.Build.0 = Debug|Any CPU
		{11847A15-B00C-4645-908F-95B2739EC3E1}.Release|Any CPU.ActiveCfg = Release|Any CPU
		{11847A15-B00C-4645-908F-95B2739EC3E1}.Release|Any CPU.Build.0 = Release|Any CPU
		{FEFFDCD9-6F61-4C7B-AA7E-BF68551AB692}.Debug|Any CPU.ActiveCfg = Debug|Any CPU
		{FEFFDCD9-6F61-4C7B-AA7E-BF68551AB692}.Debug|Any CPU.Build.0 = Debug|Any CPU
		{FEFFDCD9-6F61-4C7B-AA7E-BF68551AB692}.Release|Any CPU.ActiveCfg = Release|Any CPU
		{FEFFDCD9-6F61-4C7B-AA7E-BF68551AB692}.Release|Any CPU.Build.0 = Release|Any CPU
		{C2EB1C79-8489-4911-81BB-F4D7FA8BC6B4}.Debug|Any CPU.ActiveCfg = Debug|Any CPU
		{C2EB1C79-8489-4911-81BB-F4D7FA8BC6B4}.Debug|Any CPU.Build.0 = Debug|Any CPU
		{C2EB1C79-8489-4911-81BB-F4D7FA8BC6B4}.Release|Any CPU.ActiveCfg = Release|Any CPU
		{C2EB1C79-8489-4911-81BB-F4D7FA8BC6B4}.Release|Any CPU.Build.0 = Release|Any CPU
		{7C3E48D8-2637-45C4-8250-C22B15AF775A}.Debug|Any CPU.ActiveCfg = Debug|Any CPU
		{7C3E48D8-2637-45C4-8250-C22B15AF775A}.Debug|Any CPU.Build.0 = Debug|Any CPU
		{7C3E48D8-2637-45C4-8250-C22B15AF775A}.Release|Any CPU.ActiveCfg = Release|Any CPU
		{7C3E48D8-2637-45C4-8250-C22B15AF775A}.Release|Any CPU.Build.0 = Release|Any CPU
	EndGlobalSection
	GlobalSection(SolutionProperties) = preSolution
		HideSolutionNode = FALSE
	EndGlobalSection
	GlobalSection(ExtensibilityGlobals) = postSolution
		SolutionGuid = {566C9FBC-5F18-48A5-A767-C1CD734DB3B4}
	EndGlobalSection
EndGlobal
